
Microsoft Visual Studio Solution File, Format Version 12.00
# Visual Studio 15
VisualStudioVersion = 15.0.28010.2048
MinimumVisualStudioVersion = 10.0.40219.1
Project("{9A19103F-16F7-4668-BE54-9A1E7A4F7556}") = "GetValues", "AzureCloud\dotnet\GetValues\GetValues.csproj", "{A6103CC8-B934-404A-84D3-5A36C838B190}"
EndProject
Project("{9A19103F-16F7-4668-BE54-9A1E7A4F7556}") = "ThrowDice", "AzureCloud\dotnet\ThrowDice\ThrowDice.csproj", "{8DB1A680-BF85-4029-80E9-A6A1EA78F92A}"
EndProject
Project("{2150E333-8FDC-42A3-9474-1A3956D46DE8}") = "Solution Items", "AzureCloud\dotnet\Solution Items", "{67899B8C-421E-4B26-B0DF-6686D3E579D7}"
	ProjectSection(SolutionItems) = preProject
		Dice-identity.txt = Dice-identity.txt
		FaaSAppContext.json = FaaSAppContext.json
		FaaSContext.json = FaaSContext.json
	EndProjectSection
EndProject
Project("{9A19103F-16F7-4668-BE54-9A1E7A4F7556}") = "Dice", "AzureCloud\dotnet\Dice\Dice.csproj", "{B086C2A8-F64C-4D53-9EFE-3F31630D6900}"
EndProject
Global
	GlobalSection(SolutionConfigurationPlatforms) = preSolution
		Debug|Any CPU = Debug|Any CPU
		Release|Any CPU = Release|Any CPU
	EndGlobalSection
	GlobalSection(ProjectConfigurationPlatforms) = postSolution
		{A6103CC8-B934-404A-84D3-5A36C838B190}.Debug|Any CPU.ActiveCfg = Debug|Any CPU
		{A6103CC8-B934-404A-84D3-5A36C838B190}.Debug|Any CPU.Build.0 = Debug|Any CPU
		{A6103CC8-B934-404A-84D3-5A36C838B190}.Release|Any CPU.ActiveCfg = Release|Any CPU
		{A6103CC8-B934-404A-84D3-5A36C838B190}.Release|Any CPU.Build.0 = Release|Any CPU
		{8DB1A680-BF85-4029-80E9-A6A1EA78F92A}.Debug|Any CPU.ActiveCfg = Debug|Any CPU
		{8DB1A680-BF85-4029-80E9-A6A1EA78F92A}.Debug|Any CPU.Build.0 = Debug|Any CPU
		{8DB1A680-BF85-4029-80E9-A6A1EA78F92A}.Release|Any CPU.ActiveCfg = Release|Any CPU
		{8DB1A680-BF85-4029-80E9-A6A1EA78F92A}.Release|Any CPU.Build.0 = Release|Any CPU
		{B086C2A8-F64C-4D53-9EFE-3F31630D6900}.Debug|Any CPU.ActiveCfg = Debug|Any CPU
		{B086C2A8-F64C-4D53-9EFE-3F31630D6900}.Debug|Any CPU.Build.0 = Debug|Any CPU
		{B086C2A8-F64C-4D53-9EFE-3F31630D6900}.Release|Any CPU.ActiveCfg = Release|Any CPU
		{B086C2A8-F64C-4D53-9EFE-3F31630D6900}.Release|Any CPU.Build.0 = Release|Any CPU
	EndGlobalSection
	GlobalSection(SolutionProperties) = preSolution
		HideSolutionNode = FALSE
	EndGlobalSection
	GlobalSection(ExtensibilityGlobals) = postSolution
		SolutionGuid = {2244F007-4E52-49AE-973A-CCE4AD9FFDD6}
	EndGlobalSection
EndGlobal
